
Microsoft Visual Studio Solution File, Format Version 12.00
# Visual Studio Version 16
VisualStudioVersion = 16.0.32126.315
MinimumVisualStudioVersion = 10.0.40219.1
Project("{9A19103F-16F7-4668-BE54-9A1E7A4F7556}") = "Lab2", "Lab2.csproj", "{87DF9AA0-0993-4D86-8498-FF50C0208BF5}"
EndProject
Project("{9A19103F-16F7-4668-BE54-9A1E7A4F7556}") = "Laboratorio2", "..\Laboratorio2\Laboratorio2.csproj", "{78389E0B-227C-4F6B-8DA1-EEAF23FD6C04}"
EndProject
Project("{2150E333-8FDC-42A3-9474-1A3956D46DE8}") = "Solution Items", "Solution Items", "{1F4FAE4E-BB76-41CC-9F44-FC4DC2E39101}"
	ProjectSection(SolutionItems) = preProject
		.editorconfig = .editorconfig
	EndProjectSection
EndProject
Global
	GlobalSection(SolutionConfigurationPlatforms) = preSolution
		Debug|Any CPU = Debug|Any CPU
		Release|Any CPU = Release|Any CPU
	EndGlobalSection
	GlobalSection(ProjectConfigurationPlatforms) = postSolution
		{87DF9AA0-0993-4D86-8498-FF50C0208BF5}.Debug|Any CPU.ActiveCfg = Debug|Any CPU
		{87DF9AA0-0993-4D86-8498-FF50C0208BF5}.Debug|Any CPU.Build.0 = Debug|Any CPU
		{87DF9AA0-0993-4D86-8498-FF50C0208BF5}.Release|Any CPU.ActiveCfg = Release|Any CPU
		{87DF9AA0-0993-4D86-8498-FF50C0208BF5}.Release|Any CPU.Build.0 = Release|Any CPU
		{78389E0B-227C-4F6B-8DA1-EEAF23FD6C04}.Debug|Any CPU.ActiveCfg = Debug|Any CPU
		{78389E0B-227C-4F6B-8DA1-EEAF23FD6C04}.Debug|Any CPU.Build.0 = Debug|Any CPU
		{78389E0B-227C-4F6B-8DA1-EEAF23FD6C04}.Release|Any CPU.ActiveCfg = Release|Any CPU
		{78389E0B-227C-4F6B-8DA1-EEAF23FD6C04}.Release|Any CPU.Build.0 = Release|Any CPU
	EndGlobalSection
	GlobalSection(SolutionProperties) = preSolution
		HideSolutionNode = FALSE
	EndGlobalSection
	GlobalSection(ExtensibilityGlobals) = postSolution
		SolutionGuid = {93FE1BF8-A546-4B7C-A494-2A7E39863A64}
	EndGlobalSection
EndGlobal
